
Microsoft Visual Studio Solution File, Format Version 12.00
# Visual Studio Version 17
VisualStudioVersion = 17.1.32228.430
MinimumVisualStudioVersion = 10.0.40219.1
Project("{FAE04EC0-301F-11D3-BF4B-00C04F79EFBC}") = "PersonalSite", "PersonalSite\PersonalSite.csproj", "{0F178F7A-F9E0-4DC4-BC0F-A36C505E880F}"
EndProject
Global
	GlobalSection(SolutionConfigurationPlatforms) = preSolution
		Debug|Any CPU = Debug|Any CPU
		Release|Any CPU = Release|Any CPU
	EndGlobalSection
	GlobalSection(ProjectConfigurationPlatforms) = postSolution
		{0F178F7A-F9E0-4DC4-BC0F-A36C505E880F}.Debug|Any CPU.ActiveCfg = Debug|Any CPU
		{0F178F7A-F9E0-4DC4-BC0F-A36C505E880F}.Debug|Any CPU.Build.0 = Debug|Any CPU
		{0F178F7A-F9E0-4DC4-BC0F-A36C505E880F}.Release|Any CPU.ActiveCfg = Release|Any CPU
		{0F178F7A-F9E0-4DC4-BC0F-A36C505E880F}.Release|Any CPU.Build.0 = Release|Any CPU
	EndGlobalSection
	GlobalSection(SolutionProperties) = preSolution
		HideSolutionNode = FALSE
	EndGlobalSection
	GlobalSection(ExtensibilityGlobals) = postSolution
		SolutionGuid = {3F01909B-32BD-4C20-955E-AF76A2502C40}
	EndGlobalSection
EndGlobal
